
Microsoft Visual Studio Solution File, Format Version 12.00
# Visual Studio 15
VisualStudioVersion = 15.0.28307.1684
MinimumVisualStudioVersion = 10.0.40219.1
Project("{FAE04EC0-301F-11D3-BF4B-00C04F79EFBC}") = "TReinarArray", "TReinarArray\TReinarArray.csproj", "{E362B291-DC3D-41C5-B51B-7CF98558FEC8}"
EndProject
Global
	GlobalSection(SolutionConfigurationPlatforms) = preSolution
		Debug|Any CPU = Debug|Any CPU
		Release|Any CPU = Release|Any CPU
	EndGlobalSection
	GlobalSection(ProjectConfigurationPlatforms) = postSolution
		{E362B291-DC3D-41C5-B51B-7CF98558FEC8}.Debug|Any CPU.ActiveCfg = Debug|Any CPU
		{E362B291-DC3D-41C5-B51B-7CF98558FEC8}.Debug|Any CPU.Build.0 = Debug|Any CPU
		{E362B291-DC3D-41C5-B51B-7CF98558FEC8}.Release|Any CPU.ActiveCfg = Release|Any CPU
		{E362B291-DC3D-41C5-B51B-7CF98558FEC8}.Release|Any CPU.Build.0 = Release|Any CPU
	EndGlobalSection
	GlobalSection(SolutionProperties) = preSolution
		HideSolutionNode = FALSE
	EndGlobalSection
	GlobalSection(ExtensibilityGlobals) = postSolution
		SolutionGuid = {5A2E0830-228D-4155-BF2F-DDE33F3DCFBC}
	EndGlobalSection
EndGlobal
